// !$*UTF8*$!
{
	archiveVersion = 1;
	classes = {
	};
	objectVersion = 46;
	objects = {

/* Begin PBXBuildFile section */
		3B06A3ADC95C30F4F1153E5E /* Pods_Duck.framework in Frameworks */ = {isa = PBXBuildFile; fileRef = 2056D324EDB81B3CD71C6666 /* Pods_Duck.framework */; };
		EC14494B1CD5330700496E07 /* InfoWindow.xib in Resources */ = {isa = PBXBuildFile; fileRef = EC14494A1CD5330700496E07 /* InfoWindow.xib */; };
		EC14494D1CD5385400496E07 /* InfoWindowView.swift in Sources */ = {isa = PBXBuildFile; fileRef = EC14494C1CD5385400496E07 /* InfoWindowView.swift */; };
		EC1AD7F11C6E08530051F9BE /* MarkerModel.swift in Sources */ = {isa = PBXBuildFile; fileRef = EC1AD7F01C6E08530051F9BE /* MarkerModel.swift */; };
		EC1AD7F31C6E0ECB0051F9BE /* CredentialModel.swift in Sources */ = {isa = PBXBuildFile; fileRef = EC1AD7F21C6E0ECB0051F9BE /* CredentialModel.swift */; };
		EC2D4E351DBD6590000C6A74 /* CameraControlsOverlay.xib in Resources */ = {isa = PBXBuildFile; fileRef = EC2D4E341DBD6590000C6A74 /* CameraControlsOverlay.xib */; };
		EC2D4E371DBD671D000C6A74 /* CameraControlsOverlay.swift in Sources */ = {isa = PBXBuildFile; fileRef = EC2D4E361DBD671D000C6A74 /* CameraControlsOverlay.swift */; };
		EC3255811C678BDC00A12A2E /* PopOverDate.xib in Resources */ = {isa = PBXBuildFile; fileRef = EC3255801C678BDC00A12A2E /* PopOverDate.xib */; };
		EC47ACB01CC3F24E003148DE /* MarkerTableViewCell.swift in Sources */ = {isa = PBXBuildFile; fileRef = EC47ACAF1CC3F24E003148DE /* MarkerTableViewCell.swift */; };
		EC4990F51D297E9400455741 /* DistanceTracker.swift in Sources */ = {isa = PBXBuildFile; fileRef = EC4990F41D297E9400455741 /* DistanceTracker.swift */; };
		EC6DDCD91BAF31EE00458B42 /* AppDelegate.swift in Sources */ = {isa = PBXBuildFile; fileRef = EC6DDCD81BAF31EE00458B42 /* AppDelegate.swift */; };
		EC6DDCDB1BAF31EE00458B42 /* MapViewController.swift in Sources */ = {isa = PBXBuildFile; fileRef = EC6DDCDA1BAF31EE00458B42 /* MapViewController.swift */; };
		EC6DDCDE1BAF31EE00458B42 /* Main.storyboard in Resources */ = {isa = PBXBuildFile; fileRef = EC6DDCDC1BAF31EE00458B42 /* Main.storyboard */; };
		EC6DDCE01BAF31EE00458B42 /* Images.xcassets in Resources */ = {isa = PBXBuildFile; fileRef = EC6DDCDF1BAF31EE00458B42 /* Images.xcassets */; };
		EC6DDCE31BAF31EE00458B42 /* LaunchScreen.xib in Resources */ = {isa = PBXBuildFile; fileRef = EC6DDCE11BAF31EE00458B42 /* LaunchScreen.xib */; };
		EC6DDCEF1BAF31EE00458B42 /* DuckTests.swift in Sources */ = {isa = PBXBuildFile; fileRef = EC6DDCEE1BAF31EE00458B42 /* DuckTests.swift */; };
		EC6DDCF91BAF329F00458B42 /* Settings.bundle in Resources */ = {isa = PBXBuildFile; fileRef = EC6DDCF81BAF329F00458B42 /* Settings.bundle */; };
		EC7043891C60E0AE00EA0BE4 /* PublishConfirmController.swift in Sources */ = {isa = PBXBuildFile; fileRef = EC7043881C60E0AE00EA0BE4 /* PublishConfirmController.swift */; };
		EC7889E01D2882850084B9FF /* MarkerAggregator.swift in Sources */ = {isa = PBXBuildFile; fileRef = EC7889DF1D2882850084B9FF /* MarkerAggregator.swift */; };
		EC85CDC91D1F5F2D001F707D /* MenuViewController.swift in Sources */ = {isa = PBXBuildFile; fileRef = EC85CDC81D1F5F2D001F707D /* MenuViewController.swift */; };
		EC9B21011E32431800A7FD84 /* MarkerRequest.swift in Sources */ = {isa = PBXBuildFile; fileRef = EC9B21001E32431800A7FD84 /* MarkerRequest.swift */; };
		EC9EE2CD1CFB3E8D00DC9060 /* NounViewController.swift in Sources */ = {isa = PBXBuildFile; fileRef = EC9EE2CC1CFB3E8D00DC9060 /* NounViewController.swift */; };
		EC9EE2CF1CFBB8FA00DC9060 /* NounTableViewCell.swift in Sources */ = {isa = PBXBuildFile; fileRef = EC9EE2CE1CFBB8FA00DC9060 /* NounTableViewCell.swift */; };
		ECA46ADE1D803B6600B2F04F /* SearchResultsViewController.swift in Sources */ = {isa = PBXBuildFile; fileRef = ECA46ADC1D803B6600B2F04F /* SearchResultsViewController.swift */; };
		ECA46ADF1D803B6600B2F04F /* SearchResultsViewController.xib in Resources */ = {isa = PBXBuildFile; fileRef = ECA46ADD1D803B6600B2F04F /* SearchResultsViewController.xib */; };
		ECA9BAAA1D20469A009BCBCD /* AccountViewController.swift in Sources */ = {isa = PBXBuildFile; fileRef = ECA9BAA91D20469A009BCBCD /* AccountViewController.swift */; };
		ECBB67721C5D5932002842E5 /* ApiRequest.swift in Sources */ = {isa = PBXBuildFile; fileRef = ECBB67711C5D5932002842E5 /* ApiRequest.swift */; };
		ECC67C1C1DB41B9E00B4774C /* iconView.swift in Sources */ = {isa = PBXBuildFile; fileRef = ECC67C1B1DB41B9E00B4774C /* iconView.swift */; };
		ECCF43731C0A664100EEEEF1 /* MarkerModel.xcdatamodeld in Sources */ = {isa = PBXBuildFile; fileRef = ECCF43711C0A664100EEEEF1 /* MarkerModel.xcdatamodeld */; };
		ECD266F91CC50951009E1574 /* ImageZoomViewController.swift in Sources */ = {isa = PBXBuildFile; fileRef = ECD266F81CC50951009E1574 /* ImageZoomViewController.swift */; };
		ECD266FB1CC50DA0009E1574 /* UIZoomableImage.swift in Sources */ = {isa = PBXBuildFile; fileRef = ECD266FA1CC50DA0009E1574 /* UIZoomableImage.swift */; };
		ECD31B211D4424AB00494DCD /* SearchBox.swift in Sources */ = {isa = PBXBuildFile; fileRef = ECD31B1F1D4424AB00494DCD /* SearchBox.swift */; };
		ECD31B221D4424AB00494DCD /* SearchBox.xib in Resources */ = {isa = PBXBuildFile; fileRef = ECD31B201D4424AB00494DCD /* SearchBox.xib */; };
		ECD579241BBDFBAD0096FA1B /* MainNavigation.swift in Sources */ = {isa = PBXBuildFile; fileRef = ECD579231BBDFBAD0096FA1B /* MainNavigation.swift */; };
		ECD579281BC01BC70096FA1B /* AddMarkerController.swift in Sources */ = {isa = PBXBuildFile; fileRef = ECD579271BC01BC70096FA1B /* AddMarkerController.swift */; };
		ECDD61AB1C6FAF3F004063D2 /* SwiftyJSON.framework in Frameworks */ = {isa = PBXBuildFile; fileRef = ECDD61AA1C6FAF3F004063D2 /* SwiftyJSON.framework */; };
		ECF0C8171DF4C6430006ADE7 /* MarkerGuidelinesViewController.swift in Sources */ = {isa = PBXBuildFile; fileRef = ECF0C8161DF4C6430006ADE7 /* MarkerGuidelinesViewController.swift */; };
		ECFD74CB1C11BA8500124C9D /* MyMarkersController.swift in Sources */ = {isa = PBXBuildFile; fileRef = ECFD74CA1C11BA8500124C9D /* MyMarkersController.swift */; };
		ECFD74CD1C11BFC900124C9D /* Util.swift in Sources */ = {isa = PBXBuildFile; fileRef = ECFD74CC1C11BFC900124C9D /* Util.swift */; };
/* End PBXBuildFile section */

/* Begin PBXContainerItemProxy section */
		EC6DDCE91BAF31EE00458B42 /* PBXContainerItemProxy */ = {
			isa = PBXContainerItemProxy;
			containerPortal = EC6DDCCB1BAF31EE00458B42 /* Project object */;
			proxyType = 1;
			remoteGlobalIDString = EC6DDCD21BAF31EE00458B42;
			remoteInfo = Duck;
		};
/* End PBXContainerItemProxy section */

/* Begin PBXFileReference section */
		2056D324EDB81B3CD71C6666 /* Pods_Duck.framework */ = {isa = PBXFileReference; explicitFileType = wrapper.framework; includeInIndex = 0; path = Pods_Duck.framework; sourceTree = BUILT_PRODUCTS_DIR; };
		2BEB3346C0FB62E777A85B9B /* Pods.framework */ = {isa = PBXFileReference; explicitFileType = wrapper.framework; includeInIndex = 0; path = Pods.framework; sourceTree = BUILT_PRODUCTS_DIR; };
		938F90D3EB760C34862320B6 /* Pods-Duck.debug.xcconfig */ = {isa = PBXFileReference; includeInIndex = 1; lastKnownFileType = text.xcconfig; name = "Pods-Duck.debug.xcconfig"; path = "Pods/Target Support Files/Pods-Duck/Pods-Duck.debug.xcconfig"; sourceTree = "<group>"; };
		D747248134E1F8D421632A5C /* Pods-Duck.release.xcconfig */ = {isa = PBXFileReference; includeInIndex = 1; lastKnownFileType = text.xcconfig; name = "Pods-Duck.release.xcconfig"; path = "Pods/Target Support Files/Pods-Duck/Pods-Duck.release.xcconfig"; sourceTree = "<group>"; };
		EC14494A1CD5330700496E07 /* InfoWindow.xib */ = {isa = PBXFileReference; fileEncoding = 4; lastKnownFileType = file.xib; path = InfoWindow.xib; sourceTree = "<group>"; };
		EC14494C1CD5385400496E07 /* InfoWindowView.swift */ = {isa = PBXFileReference; fileEncoding = 4; lastKnownFileType = sourcecode.swift; path = InfoWindowView.swift; sourceTree = "<group>"; };
		EC1AD7F01C6E08530051F9BE /* MarkerModel.swift */ = {isa = PBXFileReference; fileEncoding = 4; lastKnownFileType = sourcecode.swift; name = MarkerModel.swift; path = ../MarkerModel.swift; sourceTree = "<group>"; };
		EC1AD7F21C6E0ECB0051F9BE /* CredentialModel.swift */ = {isa = PBXFileReference; fileEncoding = 4; lastKnownFileType = sourcecode.swift; path = CredentialModel.swift; sourceTree = "<group>"; };
		EC2D4E341DBD6590000C6A74 /* CameraControlsOverlay.xib */ = {isa = PBXFileReference; fileEncoding = 4; lastKnownFileType = file.xib; path = CameraControlsOverlay.xib; sourceTree = "<group>"; };
		EC2D4E361DBD671D000C6A74 /* CameraControlsOverlay.swift */ = {isa = PBXFileReference; fileEncoding = 4; lastKnownFileType = sourcecode.swift; path = CameraControlsOverlay.swift; sourceTree = "<group>"; };
		EC3255801C678BDC00A12A2E /* PopOverDate.xib */ = {isa = PBXFileReference; fileEncoding = 4; lastKnownFileType = file.xib; path = PopOverDate.xib; sourceTree = "<group>"; };
		EC47ACAE1CC116C0003148DE /* MarkerModel 3.xcdatamodel */ = {isa = PBXFileReference; lastKnownFileType = wrapper.xcdatamodel; path = "MarkerModel 3.xcdatamodel"; sourceTree = "<group>"; };
		EC47ACAF1CC3F24E003148DE /* MarkerTableViewCell.swift */ = {isa = PBXFileReference; fileEncoding = 4; lastKnownFileType = sourcecode.swift; path = MarkerTableViewCell.swift; sourceTree = "<group>"; };
		EC4990F41D297E9400455741 /* DistanceTracker.swift */ = {isa = PBXFileReference; fileEncoding = 4; lastKnownFileType = sourcecode.swift; path = DistanceTracker.swift; sourceTree = "<group>"; };
		EC5958BE1E22C91500C2B8C7 /* MarkerModel 5.xcdatamodel */ = {isa = PBXFileReference; lastKnownFileType = wrapper.xcdatamodel; path = "MarkerModel 5.xcdatamodel"; sourceTree = "<group>"; };
		EC6DDCD31BAF31EE00458B42 /* Duck.app */ = {isa = PBXFileReference; explicitFileType = wrapper.application; includeInIndex = 0; path = Duck.app; sourceTree = BUILT_PRODUCTS_DIR; };
		EC6DDCD71BAF31EE00458B42 /* Info.plist */ = {isa = PBXFileReference; lastKnownFileType = text.plist.xml; path = Info.plist; sourceTree = "<group>"; };
		EC6DDCD81BAF31EE00458B42 /* AppDelegate.swift */ = {isa = PBXFileReference; lastKnownFileType = sourcecode.swift; path = AppDelegate.swift; sourceTree = "<group>"; };
		EC6DDCDA1BAF31EE00458B42 /* MapViewController.swift */ = {isa = PBXFileReference; lastKnownFileType = sourcecode.swift; path = MapViewController.swift; sourceTree = "<group>"; };
		EC6DDCDD1BAF31EE00458B42 /* Base */ = {isa = PBXFileReference; lastKnownFileType = file.storyboard; name = Base; path = Base.lproj/Main.storyboard; sourceTree = "<group>"; };
		EC6DDCDF1BAF31EE00458B42 /* Images.xcassets */ = {isa = PBXFileReference; lastKnownFileType = folder.assetcatalog; path = Images.xcassets; sourceTree = "<group>"; };
		EC6DDCE21BAF31EE00458B42 /* Base */ = {isa = PBXFileReference; lastKnownFileType = file.xib; name = Base; path = Base.lproj/LaunchScreen.xib; sourceTree = "<group>"; };
		EC6DDCE81BAF31EE00458B42 /* DuckTests.xctest */ = {isa = PBXFileReference; explicitFileType = wrapper.cfbundle; includeInIndex = 0; path = DuckTests.xctest; sourceTree = BUILT_PRODUCTS_DIR; };
		EC6DDCED1BAF31EE00458B42 /* Info.plist */ = {isa = PBXFileReference; lastKnownFileType = text.plist.xml; path = Info.plist; sourceTree = "<group>"; };
		EC6DDCEE1BAF31EE00458B42 /* DuckTests.swift */ = {isa = PBXFileReference; lastKnownFileType = sourcecode.swift; path = DuckTests.swift; sourceTree = "<group>"; };
		EC6DDCF81BAF329F00458B42 /* Settings.bundle */ = {isa = PBXFileReference; lastKnownFileType = "wrapper.plug-in"; name = Settings.bundle; path = ../../../../Downloads/Settings.bundle; sourceTree = "<group>"; };
		EC7043881C60E0AE00EA0BE4 /* PublishConfirmController.swift */ = {isa = PBXFileReference; fileEncoding = 4; lastKnownFileType = sourcecode.swift; path = PublishConfirmController.swift; sourceTree = "<group>"; };
		EC7889DE1D2856740084B9FF /* MarkerModel 4.xcdatamodel */ = {isa = PBXFileReference; lastKnownFileType = wrapper.xcdatamodel; path = "MarkerModel 4.xcdatamodel"; sourceTree = "<group>"; };
		EC7889DF1D2882850084B9FF /* MarkerAggregator.swift */ = {isa = PBXFileReference; fileEncoding = 4; lastKnownFileType = sourcecode.swift; path = MarkerAggregator.swift; sourceTree = "<group>"; };
		EC85CDC81D1F5F2D001F707D /* MenuViewController.swift */ = {isa = PBXFileReference; fileEncoding = 4; lastKnownFileType = sourcecode.swift; path = MenuViewController.swift; sourceTree = "<group>"; };
		EC8D91B91C7F2C2D00F78D25 /* MarkerModel2.xcdatamodel */ = {isa = PBXFileReference; lastKnownFileType = wrapper.xcdatamodel; path = MarkerModel2.xcdatamodel; sourceTree = "<group>"; };
		EC9B21001E32431800A7FD84 /* MarkerRequest.swift */ = {isa = PBXFileReference; fileEncoding = 4; lastKnownFileType = sourcecode.swift; path = MarkerRequest.swift; sourceTree = "<group>"; };
		EC9EE2CC1CFB3E8D00DC9060 /* NounViewController.swift */ = {isa = PBXFileReference; fileEncoding = 4; lastKnownFileType = sourcecode.swift; path = NounViewController.swift; sourceTree = "<group>"; };
		EC9EE2CE1CFBB8FA00DC9060 /* NounTableViewCell.swift */ = {isa = PBXFileReference; fileEncoding = 4; lastKnownFileType = sourcecode.swift; path = NounTableViewCell.swift; sourceTree = "<group>"; };
		ECA46ADC1D803B6600B2F04F /* SearchResultsViewController.swift */ = {isa = PBXFileReference; fileEncoding = 4; lastKnownFileType = sourcecode.swift; path = SearchResultsViewController.swift; sourceTree = "<group>"; };
		ECA46ADD1D803B6600B2F04F /* SearchResultsViewController.xib */ = {isa = PBXFileReference; fileEncoding = 4; lastKnownFileType = file.xib; path = SearchResultsViewController.xib; sourceTree = "<group>"; };
		ECA9BAA91D20469A009BCBCD /* AccountViewController.swift */ = {isa = PBXFileReference; fileEncoding = 4; lastKnownFileType = sourcecode.swift; path = AccountViewController.swift; sourceTree = "<group>"; };
		ECBB67711C5D5932002842E5 /* ApiRequest.swift */ = {isa = PBXFileReference; fileEncoding = 4; lastKnownFileType = sourcecode.swift; path = ApiRequest.swift; sourceTree = "<group>"; };
		ECC67C1B1DB41B9E00B4774C /* iconView.swift */ = {isa = PBXFileReference; fileEncoding = 4; lastKnownFileType = sourcecode.swift; path = iconView.swift; sourceTree = "<group>"; };
		ECCF43721C0A664100EEEEF1 /* MarkerModel.xcdatamodel */ = {isa = PBXFileReference; lastKnownFileType = wrapper.xcdatamodel; path = MarkerModel.xcdatamodel; sourceTree = "<group>"; };
		ECD266F81CC50951009E1574 /* ImageZoomViewController.swift */ = {isa = PBXFileReference; fileEncoding = 4; lastKnownFileType = sourcecode.swift; path = ImageZoomViewController.swift; sourceTree = "<group>"; };
		ECD266FA1CC50DA0009E1574 /* UIZoomableImage.swift */ = {isa = PBXFileReference; fileEncoding = 4; lastKnownFileType = sourcecode.swift; path = UIZoomableImage.swift; sourceTree = "<group>"; };
		ECD31B1F1D4424AB00494DCD /* SearchBox.swift */ = {isa = PBXFileReference; fileEncoding = 4; lastKnownFileType = sourcecode.swift; path = SearchBox.swift; sourceTree = "<group>"; };
		ECD31B201D4424AB00494DCD /* SearchBox.xib */ = {isa = PBXFileReference; fileEncoding = 4; lastKnownFileType = file.xib; path = SearchBox.xib; sourceTree = "<group>"; };
		ECD579231BBDFBAD0096FA1B /* MainNavigation.swift */ = {isa = PBXFileReference; fileEncoding = 4; lastKnownFileType = sourcecode.swift; path = MainNavigation.swift; sourceTree = "<group>"; };
		ECD579271BC01BC70096FA1B /* AddMarkerController.swift */ = {isa = PBXFileReference; fileEncoding = 4; lastKnownFileType = sourcecode.swift; path = AddMarkerController.swift; sourceTree = "<group>"; };
		ECDD61AA1C6FAF3F004063D2 /* SwiftyJSON.framework */ = {isa = PBXFileReference; lastKnownFileType = wrapper.framework; name = SwiftyJSON.framework; path = "Pods/../build/Debug-iphoneos/SwiftyJSON.framework"; sourceTree = "<group>"; };
		ECF0C8161DF4C6430006ADE7 /* MarkerGuidelinesViewController.swift */ = {isa = PBXFileReference; fileEncoding = 4; lastKnownFileType = sourcecode.swift; path = MarkerGuidelinesViewController.swift; sourceTree = "<group>"; };
		ECFD74CA1C11BA8500124C9D /* MyMarkersController.swift */ = {isa = PBXFileReference; fileEncoding = 4; lastKnownFileType = sourcecode.swift; path = MyMarkersController.swift; sourceTree = "<group>"; };
		ECFD74CC1C11BFC900124C9D /* Util.swift */ = {isa = PBXFileReference; fileEncoding = 4; lastKnownFileType = sourcecode.swift; path = Util.swift; sourceTree = "<group>"; };
/* End PBXFileReference section */

/* Begin PBXFrameworksBuildPhase section */
		EC6DDCD01BAF31EE00458B42 /* Frameworks */ = {
			isa = PBXFrameworksBuildPhase;
			buildActionMask = 2147483647;
			files = (
				ECDD61AB1C6FAF3F004063D2 /* SwiftyJSON.framework in Frameworks */,
				3B06A3ADC95C30F4F1153E5E /* Pods_Duck.framework in Frameworks */,
			);
			runOnlyForDeploymentPostprocessing = 0;
		};
		EC6DDCE51BAF31EE00458B42 /* Frameworks */ = {
			isa = PBXFrameworksBuildPhase;
			buildActionMask = 2147483647;
			files = (
			);
			runOnlyForDeploymentPostprocessing = 0;
		};
/* End PBXFrameworksBuildPhase section */

/* Begin PBXGroup section */
		286BB7EDF2368AF17AA26181 /* Pods */ = {
			isa = PBXGroup;
			children = (
				938F90D3EB760C34862320B6 /* Pods-Duck.debug.xcconfig */,
				D747248134E1F8D421632A5C /* Pods-Duck.release.xcconfig */,
			);
			name = Pods;
			sourceTree = "<group>";
		};
		DF705FA15A4EC39A46C0C1AA /* Frameworks */ = {
			isa = PBXGroup;
			children = (
				ECDD61AA1C6FAF3F004063D2 /* SwiftyJSON.framework */,
				2BEB3346C0FB62E777A85B9B /* Pods.framework */,
				2056D324EDB81B3CD71C6666 /* Pods_Duck.framework */,
			);
			name = Frameworks;
			sourceTree = "<group>";
		};
		EC6DDCCA1BAF31EE00458B42 = {
			isa = PBXGroup;
			children = (
				EC6DDCD51BAF31EE00458B42 /* Duck */,
				EC6DDCEB1BAF31EE00458B42 /* DuckTests */,
				EC6DDCD41BAF31EE00458B42 /* Products */,
				DF705FA15A4EC39A46C0C1AA /* Frameworks */,
				286BB7EDF2368AF17AA26181 /* Pods */,
			);
			sourceTree = "<group>";
		};
		EC6DDCD41BAF31EE00458B42 /* Products */ = {
			isa = PBXGroup;
			children = (
				EC6DDCD31BAF31EE00458B42 /* Duck.app */,
				EC6DDCE81BAF31EE00458B42 /* DuckTests.xctest */,
			);
			name = Products;
			sourceTree = "<group>";
		};
		EC6DDCD51BAF31EE00458B42 /* Duck */ = {
			isa = PBXGroup;
			children = (
				EC6DDCDC1BAF31EE00458B42 /* Main.storyboard */,
				EC6DDCF81BAF329F00458B42 /* Settings.bundle */,
				EC6DDCD81BAF31EE00458B42 /* AppDelegate.swift */,
				ECCF43711C0A664100EEEEF1 /* MarkerModel.xcdatamodeld */,
				EC6DDCDA1BAF31EE00458B42 /* MapViewController.swift */,
				ECD31B1F1D4424AB00494DCD /* SearchBox.swift */,
				ECD31B201D4424AB00494DCD /* SearchBox.xib */,
				ECA46ADC1D803B6600B2F04F /* SearchResultsViewController.swift */,
				ECA46ADD1D803B6600B2F04F /* SearchResultsViewController.xib */,
				EC14494C1CD5385400496E07 /* InfoWindowView.swift */,
				EC14494A1CD5330700496E07 /* InfoWindow.xib */,
				EC2D4E361DBD671D000C6A74 /* CameraControlsOverlay.swift */,
				EC2D4E341DBD6590000C6A74 /* CameraControlsOverlay.xib */,
				EC85CDC81D1F5F2D001F707D /* MenuViewController.swift */,
				ECA9BAA91D20469A009BCBCD /* AccountViewController.swift */,
				ECFD74CA1C11BA8500124C9D /* MyMarkersController.swift */,
				EC47ACAF1CC3F24E003148DE /* MarkerTableViewCell.swift */,
				EC7043881C60E0AE00EA0BE4 /* PublishConfirmController.swift */,
				ECD579231BBDFBAD0096FA1B /* MainNavigation.swift */,
				ECF0C8161DF4C6430006ADE7 /* MarkerGuidelinesViewController.swift */,
				ECD579271BC01BC70096FA1B /* AddMarkerController.swift */,
				EC9EE2CC1CFB3E8D00DC9060 /* NounViewController.swift */,
				EC9EE2CE1CFBB8FA00DC9060 /* NounTableViewCell.swift */,
				ECD266FA1CC50DA0009E1574 /* UIZoomableImage.swift */,
				ECD266F81CC50951009E1574 /* ImageZoomViewController.swift */,
				ECBB67711C5D5932002842E5 /* ApiRequest.swift */,
				EC1AD7F01C6E08530051F9BE /* MarkerModel.swift */,
				EC1AD7F21C6E0ECB0051F9BE /* CredentialModel.swift */,
				EC7889DF1D2882850084B9FF /* MarkerAggregator.swift */,
				EC4990F41D297E9400455741 /* DistanceTracker.swift */,
				EC9B21001E32431800A7FD84 /* MarkerRequest.swift */,
				ECFD74CC1C11BFC900124C9D /* Util.swift */,
				ECC67C1B1DB41B9E00B4774C /* iconView.swift */,
				EC6DDCDF1BAF31EE00458B42 /* Images.xcassets */,
				EC3255801C678BDC00A12A2E /* PopOverDate.xib */,
				EC6DDCE11BAF31EE00458B42 /* LaunchScreen.xib */,
				EC6DDCD61BAF31EE00458B42 /* Supporting Files */,
			);
			path = Duck;
			sourceTree = "<group>";
		};
		EC6DDCD61BAF31EE00458B42 /* Supporting Files */ = {
			isa = PBXGroup;
			children = (
				EC6DDCD71BAF31EE00458B42 /* Info.plist */,
			);
			name = "Supporting Files";
			sourceTree = "<group>";
		};
		EC6DDCEB1BAF31EE00458B42 /* DuckTests */ = {
			isa = PBXGroup;
			children = (
				EC6DDCEE1BAF31EE00458B42 /* DuckTests.swift */,
				EC6DDCEC1BAF31EE00458B42 /* Supporting Files */,
			);
			path = DuckTests;
			sourceTree = "<group>";
		};
		EC6DDCEC1BAF31EE00458B42 /* Supporting Files */ = {
			isa = PBXGroup;
			children = (
				EC6DDCED1BAF31EE00458B42 /* Info.plist */,
			);
			name = "Supporting Files";
			sourceTree = "<group>";
		};
/* End PBXGroup section */

/* Begin PBXNativeTarget section */
		EC6DDCD21BAF31EE00458B42 /* Duck */ = {
			isa = PBXNativeTarget;
			buildConfigurationList = EC6DDCF21BAF31EE00458B42 /* Build configuration list for PBXNativeTarget "Duck" */;
			buildPhases = (
				7BBAC197B4C8A5FDB7BBBA89 /* [CP] Check Pods Manifest.lock */,
				EC6DDCCF1BAF31EE00458B42 /* Sources */,
				EC6DDCD01BAF31EE00458B42 /* Frameworks */,
				EC6DDCD11BAF31EE00458B42 /* Resources */,
				F3493F3E99FEA22F43B48A12 /* [CP] Embed Pods Frameworks */,
				6873E5DE958F20397D497B4D /* [CP] Copy Pods Resources */,
			);
			buildRules = (
			);
			dependencies = (
			);
			name = Duck;
			productName = Duck;
			productReference = EC6DDCD31BAF31EE00458B42 /* Duck.app */;
			productType = "com.apple.product-type.application";
		};
		EC6DDCE71BAF31EE00458B42 /* DuckTests */ = {
			isa = PBXNativeTarget;
			buildConfigurationList = EC6DDCF51BAF31EE00458B42 /* Build configuration list for PBXNativeTarget "DuckTests" */;
			buildPhases = (
				EC6DDCE41BAF31EE00458B42 /* Sources */,
				EC6DDCE51BAF31EE00458B42 /* Frameworks */,
				EC6DDCE61BAF31EE00458B42 /* Resources */,
			);
			buildRules = (
			);
			dependencies = (
				EC6DDCEA1BAF31EE00458B42 /* PBXTargetDependency */,
			);
			name = DuckTests;
			productName = DuckTests;
			productReference = EC6DDCE81BAF31EE00458B42 /* DuckTests.xctest */;
			productType = "com.apple.product-type.bundle.unit-test";
		};
/* End PBXNativeTarget section */

/* Begin PBXProject section */
		EC6DDCCB1BAF31EE00458B42 /* Project object */ = {
			isa = PBXProject;
			attributes = {
				LastSwiftUpdateCheck = 0720;
				LastUpgradeCheck = 0820;
				ORGANIZATIONNAME = "Charlie Blevins";
				TargetAttributes = {
					EC6DDCD21BAF31EE00458B42 = {
						CreatedOnToolsVersion = 6.4;
						DevelopmentTeam = 88282G4BXU;
						LastSwiftMigration = 0800;
						SystemCapabilities = {
							com.apple.BackgroundModes = {
								enabled = 1;
							};
						};
					};
					EC6DDCE71BAF31EE00458B42 = {
						CreatedOnToolsVersion = 6.4;
						LastSwiftMigration = 0800;
						TestTargetID = EC6DDCD21BAF31EE00458B42;
					};
				};
			};
			buildConfigurationList = EC6DDCCE1BAF31EE00458B42 /* Build configuration list for PBXProject "Duck" */;
			compatibilityVersion = "Xcode 3.2";
			developmentRegion = English;
			hasScannedForEncodings = 0;
			knownRegions = (
				en,
				Base,
			);
			mainGroup = EC6DDCCA1BAF31EE00458B42;
			productRefGroup = EC6DDCD41BAF31EE00458B42 /* Products */;
			projectDirPath = "";
			projectRoot = "";
			targets = (
				EC6DDCD21BAF31EE00458B42 /* Duck */,
				EC6DDCE71BAF31EE00458B42 /* DuckTests */,
			);
		};
/* End PBXProject section */

/* Begin PBXResourcesBuildPhase section */
		EC6DDCD11BAF31EE00458B42 /* Resources */ = {
			isa = PBXResourcesBuildPhase;
			buildActionMask = 2147483647;
			files = (
				EC6DDCF91BAF329F00458B42 /* Settings.bundle in Resources */,
				EC3255811C678BDC00A12A2E /* PopOverDate.xib in Resources */,
				EC6DDCDE1BAF31EE00458B42 /* Main.storyboard in Resources */,
				EC6DDCE31BAF31EE00458B42 /* LaunchScreen.xib in Resources */,
				EC6DDCE01BAF31EE00458B42 /* Images.xcassets in Resources */,
				EC14494B1CD5330700496E07 /* InfoWindow.xib in Resources */,
				ECD31B221D4424AB00494DCD /* SearchBox.xib in Resources */,
				EC2D4E351DBD6590000C6A74 /* CameraControlsOverlay.xib in Resources */,
				ECA46ADF1D803B6600B2F04F /* SearchResultsViewController.xib in Resources */,
			);
			runOnlyForDeploymentPostprocessing = 0;
		};
		EC6DDCE61BAF31EE00458B42 /* Resources */ = {
			isa = PBXResourcesBuildPhase;
			buildActionMask = 2147483647;
			files = (
			);
			runOnlyForDeploymentPostprocessing = 0;
		};
/* End PBXResourcesBuildPhase section */

/* Begin PBXShellScriptBuildPhase section */
		6873E5DE958F20397D497B4D /* [CP] Copy Pods Resources */ = {
			isa = PBXShellScriptBuildPhase;
			buildActionMask = 2147483647;
			files = (
			);
			inputPaths = (
			);
			name = "[CP] Copy Pods Resources";
			outputPaths = (
			);
			runOnlyForDeploymentPostprocessing = 0;
			shellPath = /bin/sh;
			shellScript = "\"${SRCROOT}/Pods/Target Support Files/Pods-Duck/Pods-Duck-resources.sh\"\n";
			showEnvVarsInLog = 0;
		};
		7BBAC197B4C8A5FDB7BBBA89 /* [CP] Check Pods Manifest.lock */ = {
			isa = PBXShellScriptBuildPhase;
			buildActionMask = 2147483647;
			files = (
			);
			inputPaths = (
			);
			name = "[CP] Check Pods Manifest.lock";
			outputPaths = (
			);
			runOnlyForDeploymentPostprocessing = 0;
			shellPath = /bin/sh;
			shellScript = "diff \"${PODS_ROOT}/../Podfile.lock\" \"${PODS_ROOT}/Manifest.lock\" > /dev/null\nif [ $? != 0 ] ; then\n    # print error to STDERR\n    echo \"error: The sandbox is not in sync with the Podfile.lock. Run 'pod install' or update your CocoaPods installation.\" >&2\n    exit 1\nfi\n";
			showEnvVarsInLog = 0;
		};
		F3493F3E99FEA22F43B48A12 /* [CP] Embed Pods Frameworks */ = {
			isa = PBXShellScriptBuildPhase;
			buildActionMask = 2147483647;
			files = (
			);
			inputPaths = (
			);
			name = "[CP] Embed Pods Frameworks";
			outputPaths = (
			);
			runOnlyForDeploymentPostprocessing = 0;
			shellPath = /bin/sh;
			shellScript = "\"${SRCROOT}/Pods/Target Support Files/Pods-Duck/Pods-Duck-frameworks.sh\"\n";
			showEnvVarsInLog = 0;
		};
/* End PBXShellScriptBuildPhase section */

/* Begin PBXSourcesBuildPhase section */
		EC6DDCCF1BAF31EE00458B42 /* Sources */ = {
			isa = PBXSourcesBuildPhase;
			buildActionMask = 2147483647;
			files = (
				ECFD74CD1C11BFC900124C9D /* Util.swift in Sources */,
				ECA46ADE1D803B6600B2F04F /* SearchResultsViewController.swift in Sources */,
				EC7043891C60E0AE00EA0BE4 /* PublishConfirmController.swift in Sources */,
				EC9EE2CD1CFB3E8D00DC9060 /* NounViewController.swift in Sources */,
				ECD266FB1CC50DA0009E1574 /* UIZoomableImage.swift in Sources */,
				EC7889E01D2882850084B9FF /* MarkerAggregator.swift in Sources */,
				EC6DDCDB1BAF31EE00458B42 /* MapViewController.swift in Sources */,
				ECCF43731C0A664100EEEEF1 /* MarkerModel.xcdatamodeld in Sources */,
				EC47ACB01CC3F24E003148DE /* MarkerTableViewCell.swift in Sources */,
				EC6DDCD91BAF31EE00458B42 /* AppDelegate.swift in Sources */,
				ECD579281BC01BC70096FA1B /* AddMarkerController.swift in Sources */,
				ECD266F91CC50951009E1574 /* ImageZoomViewController.swift in Sources */,
				EC1AD7F31C6E0ECB0051F9BE /* CredentialModel.swift in Sources */,
				EC9EE2CF1CFBB8FA00DC9060 /* NounTableViewCell.swift in Sources */,
				ECD31B211D4424AB00494DCD /* SearchBox.swift in Sources */,
				EC85CDC91D1F5F2D001F707D /* MenuViewController.swift in Sources */,
				EC9B21011E32431800A7FD84 /* MarkerRequest.swift in Sources */,
				EC2D4E371DBD671D000C6A74 /* CameraControlsOverlay.swift in Sources */,
				ECA9BAAA1D20469A009BCBCD /* AccountViewController.swift in Sources */,
				ECFD74CB1C11BA8500124C9D /* MyMarkersController.swift in Sources */,
				EC14494D1CD5385400496E07 /* InfoWindowView.swift in Sources */,
				ECD579241BBDFBAD0096FA1B /* MainNavigation.swift in Sources */,
				ECBB67721C5D5932002842E5 /* ApiRequest.swift in Sources */,
				ECC67C1C1DB41B9E00B4774C /* iconView.swift in Sources */,
				EC1AD7F11C6E08530051F9BE /* MarkerModel.swift in Sources */,
				EC4990F51D297E9400455741 /* DistanceTracker.swift in Sources */,
				ECF0C8171DF4C6430006ADE7 /* MarkerGuidelinesViewController.swift in Sources */,
			);
			runOnlyForDeploymentPostprocessing = 0;
		};
		EC6DDCE41BAF31EE00458B42 /* Sources */ = {
			isa = PBXSourcesBuildPhase;
			buildActionMask = 2147483647;
			files = (
				EC6DDCEF1BAF31EE00458B42 /* DuckTests.swift in Sources */,
			);
			runOnlyForDeploymentPostprocessing = 0;
		};
/* End PBXSourcesBuildPhase section */

/* Begin PBXTargetDependency section */
		EC6DDCEA1BAF31EE00458B42 /* PBXTargetDependency */ = {
			isa = PBXTargetDependency;
			target = EC6DDCD21BAF31EE00458B42 /* Duck */;
			targetProxy = EC6DDCE91BAF31EE00458B42 /* PBXContainerItemProxy */;
		};
/* End PBXTargetDependency section */

/* Begin PBXVariantGroup section */
		EC6DDCDC1BAF31EE00458B42 /* Main.storyboard */ = {
			isa = PBXVariantGroup;
			children = (
				EC6DDCDD1BAF31EE00458B42 /* Base */,
			);
			name = Main.storyboard;
			sourceTree = "<group>";
		};
		EC6DDCE11BAF31EE00458B42 /* LaunchScreen.xib */ = {
			isa = PBXVariantGroup;
			children = (
				EC6DDCE21BAF31EE00458B42 /* Base */,
			);
			name = LaunchScreen.xib;
			sourceTree = "<group>";
		};
/* End PBXVariantGroup section */

/* Begin XCBuildConfiguration section */
		EC6DDCF01BAF31EE00458B42 /* Debug */ = {
			isa = XCBuildConfiguration;
			buildSettings = {
				ALWAYS_EMBED_SWIFT_STANDARD_LIBRARIES = YES;
				ALWAYS_SEARCH_USER_PATHS = NO;
				CLANG_CXX_LANGUAGE_STANDARD = "gnu++0x";
				CLANG_CXX_LIBRARY = "libc++";
				CLANG_ENABLE_MODULES = YES;
				CLANG_ENABLE_OBJC_ARC = YES;
				CLANG_WARN_BOOL_CONVERSION = YES;
				CLANG_WARN_CONSTANT_CONVERSION = YES;
				CLANG_WARN_DIRECT_OBJC_ISA_USAGE = YES_ERROR;
				CLANG_WARN_EMPTY_BODY = YES;
				CLANG_WARN_ENUM_CONVERSION = YES;
				CLANG_WARN_INFINITE_RECURSION = YES;
				CLANG_WARN_INT_CONVERSION = YES;
				CLANG_WARN_OBJC_ROOT_CLASS = YES_ERROR;
				CLANG_WARN_SUSPICIOUS_MOVE = YES;
				CLANG_WARN_UNREACHABLE_CODE = YES;
				CLANG_WARN__DUPLICATE_METHOD_MATCH = YES;
				"CODE_SIGN_IDENTITY[sdk=iphoneos*]" = "iPhone Developer";
				COPY_PHASE_STRIP = NO;
				DEBUG_INFORMATION_FORMAT = dwarf;
				ENABLE_BITCODE = NO;
				ENABLE_STRICT_OBJC_MSGSEND = YES;
				ENABLE_TESTABILITY = YES;
				FRAMEWORK_SEARCH_PATHS = "$(SRCROOT)";
				GCC_C_LANGUAGE_STANDARD = gnu99;
				GCC_DYNAMIC_NO_PIC = NO;
				GCC_NO_COMMON_BLOCKS = YES;
				GCC_OPTIMIZATION_LEVEL = 0;
				GCC_PREPROCESSOR_DEFINITIONS = (
					"DEBUG=1",
					"$(inherited)",
				);
				GCC_SYMBOLS_PRIVATE_EXTERN = NO;
				GCC_WARN_64_TO_32_BIT_CONVERSION = YES;
				GCC_WARN_ABOUT_RETURN_TYPE = YES_ERROR;
				GCC_WARN_UNDECLARED_SELECTOR = YES;
				GCC_WARN_UNINITIALIZED_AUTOS = YES_AGGRESSIVE;
				GCC_WARN_UNUSED_FUNCTION = YES;
				GCC_WARN_UNUSED_VARIABLE = YES;
				IPHONEOS_DEPLOYMENT_TARGET = 9.0;
				MTL_ENABLE_DEBUG_INFO = YES;
				ONLY_ACTIVE_ARCH = YES;
				SDKROOT = iphoneos;
				SWIFT_OPTIMIZATION_LEVEL = "-Onone";
			};
			name = Debug;
		};
		EC6DDCF11BAF31EE00458B42 /* Release */ = {
			isa = XCBuildConfiguration;
			buildSettings = {
				ALWAYS_EMBED_SWIFT_STANDARD_LIBRARIES = YES;
				ALWAYS_SEARCH_USER_PATHS = NO;
				CLANG_CXX_LANGUAGE_STANDARD = "gnu++0x";
				CLANG_CXX_LIBRARY = "libc++";
				CLANG_ENABLE_MODULES = YES;
				CLANG_ENABLE_OBJC_ARC = YES;
				CLANG_WARN_BOOL_CONVERSION = YES;
				CLANG_WARN_CONSTANT_CONVERSION = YES;
				CLANG_WARN_DIRECT_OBJC_ISA_USAGE = YES_ERROR;
				CLANG_WARN_EMPTY_BODY = YES;
				CLANG_WARN_ENUM_CONVERSION = YES;
				CLANG_WARN_INFINITE_RECURSION = YES;
				CLANG_WARN_INT_CONVERSION = YES;
				CLANG_WARN_OBJC_ROOT_CLASS = YES_ERROR;
				CLANG_WARN_SUSPICIOUS_MOVE = YES;
				CLANG_WARN_UNREACHABLE_CODE = YES;
				CLANG_WARN__DUPLICATE_METHOD_MATCH = YES;
				"CODE_SIGN_IDENTITY[sdk=iphoneos*]" = "iPhone Developer";
				COPY_PHASE_STRIP = NO;
				DEBUG_INFORMATION_FORMAT = "dwarf-with-dsym";
				ENABLE_BITCODE = NO;
				ENABLE_NS_ASSERTIONS = NO;
				ENABLE_STRICT_OBJC_MSGSEND = YES;
				FRAMEWORK_SEARCH_PATHS = "$(SRCROOT)";
				GCC_C_LANGUAGE_STANDARD = gnu99;
				GCC_NO_COMMON_BLOCKS = YES;
				GCC_OPTIMIZATION_LEVEL = 0;
				GCC_WARN_64_TO_32_BIT_CONVERSION = YES;
				GCC_WARN_ABOUT_RETURN_TYPE = YES_ERROR;
				GCC_WARN_UNDECLARED_SELECTOR = YES;
				GCC_WARN_UNINITIALIZED_AUTOS = YES_AGGRESSIVE;
				GCC_WARN_UNUSED_FUNCTION = YES;
				GCC_WARN_UNUSED_VARIABLE = YES;
				IPHONEOS_DEPLOYMENT_TARGET = 9.0;
				MTL_ENABLE_DEBUG_INFO = NO;
				SDKROOT = iphoneos;
				SWIFT_OPTIMIZATION_LEVEL = "-Onone";
				VALIDATE_PRODUCT = YES;
			};
			name = Release;
		};
		EC6DDCF31BAF31EE00458B42 /* Debug */ = {
			isa = XCBuildConfiguration;
			baseConfigurationReference = 938F90D3EB760C34862320B6 /* Pods-Duck.debug.xcconfig */;
			buildSettings = {
				ALWAYS_EMBED_SWIFT_STANDARD_LIBRARIES = YES;
				ASSETCATALOG_COMPILER_APPICON_NAME = AppIcon;
				CLANG_ENABLE_MODULES = YES;
				CODE_SIGN_IDENTITY = "iPhone Developer";
				"CODE_SIGN_IDENTITY[sdk=iphoneos*]" = "iPhone Developer";
				FRAMEWORK_SEARCH_PATHS = (
					"$(inherited)",
					"$(SRCROOT)/**",
				);
				INFOPLIST_FILE = Duck/Info.plist;
				LD_RUNPATH_SEARCH_PATHS = "$(inherited) @executable_path/Frameworks";
				PRODUCT_BUNDLE_IDENTIFIER = "com.blevins.$(PRODUCT_NAME:rfc1034identifier)";
				PRODUCT_NAME = "$(TARGET_NAME)";
				PROVISIONING_PROFILE = "";
				SWIFT_OPTIMIZATION_LEVEL = "-Onone";
				SWIFT_VERSION = 3.0;
				TARGETED_DEVICE_FAMILY = 1;
			};
			name = Debug;
		};
		EC6DDCF41BAF31EE00458B42 /* Release */ = {
			isa = XCBuildConfiguration;
			baseConfigurationReference = D747248134E1F8D421632A5C /* Pods-Duck.release.xcconfig */;
			buildSettings = {
				ALWAYS_EMBED_SWIFT_STANDARD_LIBRARIES = YES;
				ASSETCATALOG_COMPILER_APPICON_NAME = AppIcon;
				CLANG_ENABLE_MODULES = YES;
				CODE_SIGN_IDENTITY = "iPhone Developer";
				"CODE_SIGN_IDENTITY[sdk=iphoneos*]" = "iPhone Developer";
				FRAMEWORK_SEARCH_PATHS = (
					"$(inherited)",
					"$(SRCROOT)/**",
				);
				INFOPLIST_FILE = Duck/Info.plist;
				LD_RUNPATH_SEARCH_PATHS = "$(inherited) @executable_path/Frameworks";
				PRODUCT_BUNDLE_IDENTIFIER = "com.blevins.$(PRODUCT_NAME:rfc1034identifier)";
				PRODUCT_NAME = "$(TARGET_NAME)";
				PROVISIONING_PROFILE = "";
				SWIFT_OPTIMIZATION_LEVEL = "-Owholemodule";
				SWIFT_VERSION = 3.0;
				TARGETED_DEVICE_FAMILY = 1;
			};
			name = Release;
		};
		EC6DDCF61BAF31EE00458B42 /* Debug */ = {
			isa = XCBuildConfiguration;
			buildSettings = {
				BUNDLE_LOADER = "$(TEST_HOST)";
				FRAMEWORK_SEARCH_PATHS = "$(SRCROOT)";
				GCC_PREPROCESSOR_DEFINITIONS = (
					"DEBUG=1",
					"$(inherited)",
				);
				INFOPLIST_FILE = DuckTests/Info.plist;
				LD_RUNPATH_SEARCH_PATHS = "$(inherited) @executable_path/Frameworks @loader_path/Frameworks";
				PRODUCT_BUNDLE_IDENTIFIER = "com.blevins.$(PRODUCT_NAME:rfc1034identifier)";
				PRODUCT_NAME = "$(TARGET_NAME)";
				SWIFT_VERSION = 3.0;
				TEST_HOST = "$(BUILT_PRODUCTS_DIR)/Duck.app/Duck";
			};
			name = Debug;
		};
		EC6DDCF71BAF31EE00458B42 /* Release */ = {
			isa = XCBuildConfiguration;
			buildSettings = {
				BUNDLE_LOADER = "$(TEST_HOST)";
				FRAMEWORK_SEARCH_PATHS = "$(SRCROOT)";
				INFOPLIST_FILE = DuckTests/Info.plist;
				LD_RUNPATH_SEARCH_PATHS = "$(inherited) @executable_path/Frameworks @loader_path/Frameworks";
				PRODUCT_BUNDLE_IDENTIFIER = "com.blevins.$(PRODUCT_NAME:rfc1034identifier)";
				PRODUCT_NAME = "$(TARGET_NAME)";
				SWIFT_VERSION = 3.0;
				TEST_HOST = "$(BUILT_PRODUCTS_DIR)/Duck.app/Duck";
			};
			name = Release;
		};
/* End XCBuildConfiguration section */

/* Begin XCConfigurationList section */
		EC6DDCCE1BAF31EE00458B42 /* Build configuration list for PBXProject "Duck" */ = {
			isa = XCConfigurationList;
			buildConfigurations = (
				EC6DDCF01BAF31EE00458B42 /* Debug */,
				EC6DDCF11BAF31EE00458B42 /* Release */,
			);
			defaultConfigurationIsVisible = 0;
			defaultConfigurationName = Release;
		};
		EC6DDCF21BAF31EE00458B42 /* Build configuration list for PBXNativeTarget "Duck" */ = {
			isa = XCConfigurationList;
			buildConfigurations = (
				EC6DDCF31BAF31EE00458B42 /* Debug */,
				EC6DDCF41BAF31EE00458B42 /* Release */,
			);
			defaultConfigurationIsVisible = 0;
			defaultConfigurationName = Release;
		};
		EC6DDCF51BAF31EE00458B42 /* Build configuration list for PBXNativeTarget "DuckTests" */ = {
			isa = XCConfigurationList;
			buildConfigurations = (
				EC6DDCF61BAF31EE00458B42 /* Debug */,
				EC6DDCF71BAF31EE00458B42 /* Release */,
			);
			defaultConfigurationIsVisible = 0;
			defaultConfigurationName = Release;
		};
/* End XCConfigurationList section */

/* Begin XCVersionGroup section */
		ECCF43711C0A664100EEEEF1 /* MarkerModel.xcdatamodeld */ = {
			isa = XCVersionGroup;
			children = (
				EC5958BE1E22C91500C2B8C7 /* MarkerModel 5.xcdatamodel */,
				EC7889DE1D2856740084B9FF /* MarkerModel 4.xcdatamodel */,
				EC47ACAE1CC116C0003148DE /* MarkerModel 3.xcdatamodel */,
				EC8D91B91C7F2C2D00F78D25 /* MarkerModel2.xcdatamodel */,
				ECCF43721C0A664100EEEEF1 /* MarkerModel.xcdatamodel */,
			);
			currentVersion = EC5958BE1E22C91500C2B8C7 /* MarkerModel 5.xcdatamodel */;
			path = MarkerModel.xcdatamodeld;
			sourceTree = "<group>";
			versionGroupType = wrapper.xcdatamodel;
		};
/* End XCVersionGroup section */
	};
	rootObject = EC6DDCCB1BAF31EE00458B42 /* Project object */;
}
